
Microsoft Visual Studio Solution File, Format Version 12.00
# Visual Studio Version 16
VisualStudioVersion = 16.0.30503.244
MinimumVisualStudioVersion = 10.0.40219.1
Project("{2150E333-8FDC-42A3-9474-1A3956D46DE8}") = "Users", "Users", "{7186C964-36D3-4EF9-B345-2025BA1E4630}"
EndProject
Project("{9A19103F-16F7-4668-BE54-9A1E7A4F7556}") = "Users", "Users\Users.csproj", "{8A9C09DB-3ABE-4D10-B9DB-1E881E92D54C}"
EndProject
Project("{2150E333-8FDC-42A3-9474-1A3956D46DE8}") = "Web", "Web", "{0A481655-93BE-4A67-A663-6396CFDBCA8E}"
EndProject
Project("{2150E333-8FDC-42A3-9474-1A3956D46DE8}") = "Inventory", "Inventory", "{B42E3977-E371-4F95-B18F-F8ADB5663A19}"
EndProject
Project("{2150E333-8FDC-42A3-9474-1A3956D46DE8}") = "Stock", "Stock", "{9DC259EA-7CEB-4BBF-8DA2-0FDA2CC4CA19}"
EndProject
Project("{2150E333-8FDC-42A3-9474-1A3956D46DE8}") = "Supply", "Supply", "{A368EE7D-CD79-4657-BA72-25256A38FEF3}"
EndProject
Project("{9A19103F-16F7-4668-BE54-9A1E7A4F7556}") = "Web", "Web\Web.csproj", "{68475E96-CF27-481B-9F99-4E1AB4C8AEBB}"
EndProject
Project("{9A19103F-16F7-4668-BE54-9A1E7A4F7556}") = "Inventory.Supply.Web", "Inventory\Inventory.Supply.Web\Inventory.Supply.Web.csproj", "{7346E45D-D312-4B4B-B7BE-4E4E61D9E2D2}"
EndProject
Project("{9A19103F-16F7-4668-BE54-9A1E7A4F7556}") = "Inventory.Stock.Web", "Inventory\Inventory.Stock.Web\Inventory.Stock.Web.csproj", "{9C4DC1F5-E141-4EA4-B3A8-00A365EF1C41}"
EndProject
Project("{9A19103F-16F7-4668-BE54-9A1E7A4F7556}") = "Inventory.Stock.Dal", "Inventory\Inventory.Stock.Dal\Inventory.Stock.Dal.csproj", "{51E4D112-589A-446F-B059-560415276DA8}"
EndProject
Project("{9A19103F-16F7-4668-BE54-9A1E7A4F7556}") = "Inventory.Stock.Domain", "Inventory\Inventory.Stock.Domain\Inventory.Stock.Domain.csproj", "{C53D2962-F87C-44AC-8C12-A126298EF326}"
EndProject
Project("{E53339B2-1760-4266-BCC7-CA923CBCF16C}") = "docker-compose", "docker-compose.dcproj", "{4A583A45-A353-4F5F-B1EE-DA68B20B2889}"
EndProject
Project("{2150E333-8FDC-42A3-9474-1A3956D46DE8}") = "Events", "Events", "{46119D5E-C944-4E1B-B974-517A7E8A5349}"
EndProject
Project("{9A19103F-16F7-4668-BE54-9A1E7A4F7556}") = "Inventory.Events.IntegrationEvents", "Inventory\Inventory.Events.IntegrationEvents\Inventory.Events.IntegrationEvents.csproj", "{AC125109-A8B8-4840-8F60-8708CA237460}"
EndProject
Global
	GlobalSection(SolutionConfigurationPlatforms) = preSolution
		Debug|Any CPU = Debug|Any CPU
		Release|Any CPU = Release|Any CPU
	EndGlobalSection
	GlobalSection(ProjectConfigurationPlatforms) = postSolution
		{8A9C09DB-3ABE-4D10-B9DB-1E881E92D54C}.Debug|Any CPU.ActiveCfg = Debug|Any CPU
		{8A9C09DB-3ABE-4D10-B9DB-1E881E92D54C}.Debug|Any CPU.Build.0 = Debug|Any CPU
		{8A9C09DB-3ABE-4D10-B9DB-1E881E92D54C}.Release|Any CPU.ActiveCfg = Release|Any CPU
		{8A9C09DB-3ABE-4D10-B9DB-1E881E92D54C}.Release|Any CPU.Build.0 = Release|Any CPU
		{68475E96-CF27-481B-9F99-4E1AB4C8AEBB}.Debug|Any CPU.ActiveCfg = Debug|Any CPU
		{68475E96-CF27-481B-9F99-4E1AB4C8AEBB}.Debug|Any CPU.Build.0 = Debug|Any CPU
		{68475E96-CF27-481B-9F99-4E1AB4C8AEBB}.Release|Any CPU.ActiveCfg = Release|Any CPU
		{68475E96-CF27-481B-9F99-4E1AB4C8AEBB}.Release|Any CPU.Build.0 = Release|Any CPU
		{7346E45D-D312-4B4B-B7BE-4E4E61D9E2D2}.Debug|Any CPU.ActiveCfg = Debug|Any CPU
		{7346E45D-D312-4B4B-B7BE-4E4E61D9E2D2}.Debug|Any CPU.Build.0 = Debug|Any CPU
		{7346E45D-D312-4B4B-B7BE-4E4E61D9E2D2}.Release|Any CPU.ActiveCfg = Release|Any CPU
		{7346E45D-D312-4B4B-B7BE-4E4E61D9E2D2}.Release|Any CPU.Build.0 = Release|Any CPU
		{9C4DC1F5-E141-4EA4-B3A8-00A365EF1C41}.Debug|Any CPU.ActiveCfg = Debug|Any CPU
		{9C4DC1F5-E141-4EA4-B3A8-00A365EF1C41}.Debug|Any CPU.Build.0 = Debug|Any CPU
		{9C4DC1F5-E141-4EA4-B3A8-00A365EF1C41}.Release|Any CPU.ActiveCfg = Release|Any CPU
		{9C4DC1F5-E141-4EA4-B3A8-00A365EF1C41}.Release|Any CPU.Build.0 = Release|Any CPU
		{51E4D112-589A-446F-B059-560415276DA8}.Debug|Any CPU.ActiveCfg = Debug|Any CPU
		{51E4D112-589A-446F-B059-560415276DA8}.Debug|Any CPU.Build.0 = Debug|Any CPU
		{51E4D112-589A-446F-B059-560415276DA8}.Release|Any CPU.ActiveCfg = Release|Any CPU
		{51E4D112-589A-446F-B059-560415276DA8}.Release|Any CPU.Build.0 = Release|Any CPU
		{C53D2962-F87C-44AC-8C12-A126298EF326}.Debug|Any CPU.ActiveCfg = Debug|Any CPU
		{C53D2962-F87C-44AC-8C12-A126298EF326}.Debug|Any CPU.Build.0 = Debug|Any CPU
		{C53D2962-F87C-44AC-8C12-A126298EF326}.Release|Any CPU.ActiveCfg = Release|Any CPU
		{C53D2962-F87C-44AC-8C12-A126298EF326}.Release|Any CPU.Build.0 = Release|Any CPU
		{4A583A45-A353-4F5F-B1EE-DA68B20B2889}.Debug|Any CPU.ActiveCfg = Debug|Any CPU
		{4A583A45-A353-4F5F-B1EE-DA68B20B2889}.Debug|Any CPU.Build.0 = Debug|Any CPU
		{4A583A45-A353-4F5F-B1EE-DA68B20B2889}.Release|Any CPU.ActiveCfg = Release|Any CPU
		{4A583A45-A353-4F5F-B1EE-DA68B20B2889}.Release|Any CPU.Build.0 = Release|Any CPU
		{AC125109-A8B8-4840-8F60-8708CA237460}.Debug|Any CPU.ActiveCfg = Debug|Any CPU
		{AC125109-A8B8-4840-8F60-8708CA237460}.Debug|Any CPU.Build.0 = Debug|Any CPU
		{AC125109-A8B8-4840-8F60-8708CA237460}.Release|Any CPU.ActiveCfg = Release|Any CPU
		{AC125109-A8B8-4840-8F60-8708CA237460}.Release|Any CPU.Build.0 = Release|Any CPU
	EndGlobalSection
	GlobalSection(SolutionProperties) = preSolution
		HideSolutionNode = FALSE
	EndGlobalSection
	GlobalSection(NestedProjects) = preSolution
		{8A9C09DB-3ABE-4D10-B9DB-1E881E92D54C} = {7186C964-36D3-4EF9-B345-2025BA1E4630}
		{9DC259EA-7CEB-4BBF-8DA2-0FDA2CC4CA19} = {B42E3977-E371-4F95-B18F-F8ADB5663A19}
		{A368EE7D-CD79-4657-BA72-25256A38FEF3} = {B42E3977-E371-4F95-B18F-F8ADB5663A19}
		{68475E96-CF27-481B-9F99-4E1AB4C8AEBB} = {0A481655-93BE-4A67-A663-6396CFDBCA8E}
		{7346E45D-D312-4B4B-B7BE-4E4E61D9E2D2} = {A368EE7D-CD79-4657-BA72-25256A38FEF3}
		{9C4DC1F5-E141-4EA4-B3A8-00A365EF1C41} = {9DC259EA-7CEB-4BBF-8DA2-0FDA2CC4CA19}
		{51E4D112-589A-446F-B059-560415276DA8} = {9DC259EA-7CEB-4BBF-8DA2-0FDA2CC4CA19}
		{C53D2962-F87C-44AC-8C12-A126298EF326} = {9DC259EA-7CEB-4BBF-8DA2-0FDA2CC4CA19}
		{46119D5E-C944-4E1B-B974-517A7E8A5349} = {B42E3977-E371-4F95-B18F-F8ADB5663A19}
		{AC125109-A8B8-4840-8F60-8708CA237460} = {46119D5E-C944-4E1B-B974-517A7E8A5349}
	EndGlobalSection
	GlobalSection(ExtensibilityGlobals) = postSolution
		SolutionGuid = {5531C893-3EE8-4DD2-9703-7CDFBA816DBC}
	EndGlobalSection
EndGlobal
